
Microsoft Visual Studio Solution File, Format Version 12.00
# Visual Studio Version 16
VisualStudioVersion = 16.0.30621.155
MinimumVisualStudioVersion = 10.0.40219.1
Project("{FAE04EC0-301F-11D3-BF4B-00C04F79EFBC}") = "SignalIRChat", "SignalIRChat\SignalIRChat.csproj", "{C9EF4AA6-B8F6-4A7B-B9E3-689332A4B561}"
EndProject
Global
	GlobalSection(SolutionConfigurationPlatforms) = preSolution
		Debug|Any CPU = Debug|Any CPU
		Release|Any CPU = Release|Any CPU
	EndGlobalSection
	GlobalSection(ProjectConfigurationPlatforms) = postSolution
		{C9EF4AA6-B8F6-4A7B-B9E3-689332A4B561}.Debug|Any CPU.ActiveCfg = Debug|Any CPU
		{C9EF4AA6-B8F6-4A7B-B9E3-689332A4B561}.Debug|Any CPU.Build.0 = Debug|Any CPU
		{C9EF4AA6-B8F6-4A7B-B9E3-689332A4B561}.Release|Any CPU.ActiveCfg = Release|Any CPU
		{C9EF4AA6-B8F6-4A7B-B9E3-689332A4B561}.Release|Any CPU.Build.0 = Release|Any CPU
	EndGlobalSection
	GlobalSection(SolutionProperties) = preSolution
		HideSolutionNode = FALSE
	EndGlobalSection
	GlobalSection(ExtensibilityGlobals) = postSolution
		SolutionGuid = {95D504A0-FE9A-4DC7-900A-1D2CAD76F293}
	EndGlobalSection
EndGlobal
